# This file is automatically @generated by Cargo.
# It is not intended for manual editing.
version = 4

[[package]]
name = "libvotal"
version = "0.1.0"

[[package]]
name = "votal-cli"
version = "0.1.0"
dependencies = [
 "libvotal",
]

[[package]]
name = "votal-desktop"
version = "0.1.0"
dependencies = [
 "libvotal",
]
